
Microsoft Visual Studio Solution File, Format Version 11.00
# Visual C++ Express 2010
Project("{8BC9CEB8-8B4A-11D0-8D11-00A0C91BC942}") = "OculusRiftDK1_vs2010", "OculusRiftDK1_vs2010\OculusRiftDK1_vs2010.vcxproj", "{9931B4E2-F6EC-4A2D-BEC2-4022A2D281B5}"
EndProject
Global
	GlobalSection(SolutionConfigurationPlatforms) = preSolution
		Debug|Win32 = Debug|Win32
		Release|Win32 = Release|Win32
	EndGlobalSection
	GlobalSection(ProjectConfigurationPlatforms) = postSolution
		{9931B4E2-F6EC-4A2D-BEC2-4022A2D281B5}.Debug|Win32.ActiveCfg = Debug|Win32
		{9931B4E2-F6EC-4A2D-BEC2-4022A2D281B5}.Debug|Win32.Build.0 = Debug|Win32
		{9931B4E2-F6EC-4A2D-BEC2-4022A2D281B5}.Release|Win32.ActiveCfg = Release|Win32
		{9931B4E2-F6EC-4A2D-BEC2-4022A2D281B5}.Release|Win32.Build.0 = Release|Win32
	EndGlobalSection
	GlobalSection(SolutionProperties) = preSolution
		HideSolutionNode = FALSE
	EndGlobalSection
EndGlobal
