
Microsoft Visual Studio Solution File, Format Version 12.00
# Visual Studio 2013
VisualStudioVersion = 12.0.40629.0
MinimumVisualStudioVersion = 10.0.40219.1
Project("{8BC9CEB8-8B4A-11D0-8D11-00A0C91BC942}") = "ImitationMotionAccumulatorByPerceptionNeuron", "ImitationMotionAccumulatorByPerceptionNeuron_vs2013\ImitationMotionAccumulatorByPerceptionNeuron.vcxproj", "{325C0DF8-1C39-4F8B-ADDC-155F5EE8C7F4}"
EndProject
Project("{8BC9CEB8-8B4A-11D0-8D11-00A0C91BC942}") = "ManageRecordedDataOnMySQL", "ManageRecordedDataOnMySQL\ManageRecordedDataOnMySQL.vcxproj", "{96A690BA-FD76-4499-9173-9185F50E82E7}"
EndProject
Global
	GlobalSection(SolutionConfigurationPlatforms) = preSolution
		Debug|Win32 = Debug|Win32
		Release|Win32 = Release|Win32
	EndGlobalSection
	GlobalSection(ProjectConfigurationPlatforms) = postSolution
		{325C0DF8-1C39-4F8B-ADDC-155F5EE8C7F4}.Debug|Win32.ActiveCfg = Debug|Win32
		{325C0DF8-1C39-4F8B-ADDC-155F5EE8C7F4}.Debug|Win32.Build.0 = Debug|Win32
		{325C0DF8-1C39-4F8B-ADDC-155F5EE8C7F4}.Release|Win32.ActiveCfg = Release|Win32
		{325C0DF8-1C39-4F8B-ADDC-155F5EE8C7F4}.Release|Win32.Build.0 = Release|Win32
		{96A690BA-FD76-4499-9173-9185F50E82E7}.Debug|Win32.ActiveCfg = Debug|Win32
		{96A690BA-FD76-4499-9173-9185F50E82E7}.Debug|Win32.Build.0 = Debug|Win32
		{96A690BA-FD76-4499-9173-9185F50E82E7}.Release|Win32.ActiveCfg = Release|Win32
		{96A690BA-FD76-4499-9173-9185F50E82E7}.Release|Win32.Build.0 = Release|Win32
	EndGlobalSection
	GlobalSection(SolutionProperties) = preSolution
		HideSolutionNode = FALSE
	EndGlobalSection
EndGlobal
