
Microsoft Visual Studio Solution File, Format Version 11.00
# Visual C++ Express 2010
Project("{8BC9CEB8-8B4A-11D0-8D11-00A0C91BC942}") = "OculusDK1_vs2010", "OculusDK1_vs2010\OculusDK1_vs2010.vcxproj", "{53244952-88E6-4CE3-8348-A62C2C8973AB}"
EndProject
Global
	GlobalSection(SolutionConfigurationPlatforms) = preSolution
		Debug|Win32 = Debug|Win32
		Release|Win32 = Release|Win32
	EndGlobalSection
	GlobalSection(ProjectConfigurationPlatforms) = postSolution
		{53244952-88E6-4CE3-8348-A62C2C8973AB}.Debug|Win32.ActiveCfg = Debug|Win32
		{53244952-88E6-4CE3-8348-A62C2C8973AB}.Debug|Win32.Build.0 = Debug|Win32
		{53244952-88E6-4CE3-8348-A62C2C8973AB}.Release|Win32.ActiveCfg = Release|Win32
		{53244952-88E6-4CE3-8348-A62C2C8973AB}.Release|Win32.Build.0 = Release|Win32
	EndGlobalSection
	GlobalSection(SolutionProperties) = preSolution
		HideSolutionNode = FALSE
	EndGlobalSection
EndGlobal
