
Microsoft Visual Studio Solution File, Format Version 11.00
# Visual C++ Express 2010
Project("{8BC9CEB8-8B4A-11D0-8D11-00A0C91BC942}") = "OptiTrack_vs2010", "OptiTrack_vs2010\OptiTrack_vs2010.vcxproj", "{ABC7F87C-91DC-4BAD-8078-F0B973AED701}"
EndProject
Global
	GlobalSection(SolutionConfigurationPlatforms) = preSolution
		Debug|Win32 = Debug|Win32
		Release|Win32 = Release|Win32
	EndGlobalSection
	GlobalSection(ProjectConfigurationPlatforms) = postSolution
		{ABC7F87C-91DC-4BAD-8078-F0B973AED701}.Debug|Win32.ActiveCfg = Debug|Win32
		{ABC7F87C-91DC-4BAD-8078-F0B973AED701}.Debug|Win32.Build.0 = Debug|Win32
		{ABC7F87C-91DC-4BAD-8078-F0B973AED701}.Release|Win32.ActiveCfg = Release|Win32
		{ABC7F87C-91DC-4BAD-8078-F0B973AED701}.Release|Win32.Build.0 = Release|Win32
	EndGlobalSection
	GlobalSection(SolutionProperties) = preSolution
		HideSolutionNode = FALSE
	EndGlobalSection
EndGlobal
